
Microsoft Visual Studio Solution File, Format Version 12.00
# Visual Studio Version 17
VisualStudioVersion = 17.14.37111.16
MinimumVisualStudioVersion = 10.0.40219.1
Project("{FAE04EC0-301F-11D3-BF4B-00C04F79EFBC}") = "MuseSpace.API", "MuseSpace.API\MuseSpace.API.csproj", "{1121D532-0712-4EB4-B9CD-F4BCBDCB99CF}"
EndProject
Project("{FAE04EC0-301F-11D3-BF4B-00C04F79EFBC}") = "MuseSpace.BLL", "MuseSpace.BLL\MuseSpace.BLL.csproj", "{FA6E0E09-4F06-4998-9B56-31D088BBA748}"
EndProject
Project("{FAE04EC0-301F-11D3-BF4B-00C04F79EFBC}") = "MuseSpace.Infrastructure", "MuseSpace.Infrastructure\MuseSpace.Infrastructure.csproj", "{85F3E495-9C0D-4C92-BACB-2410AD8D14B2}"
EndProject
Project("{FAE04EC0-301F-11D3-BF4B-00C04F79EFBC}") = "MuseSpace.Core", "MuseSpace.Core\MuseSpace.Core.csproj", "{1B121DD7-D03F-4448-806F-E2F19DF911B1}"
EndProject
Global
	GlobalSection(SolutionConfigurationPlatforms) = preSolution
		Debug|Any CPU = Debug|Any CPU
		Debug|x64 = Debug|x64
		Debug|x86 = Debug|x86
		Release|Any CPU = Release|Any CPU
		Release|x64 = Release|x64
		Release|x86 = Release|x86
	EndGlobalSection
	GlobalSection(ProjectConfigurationPlatforms) = postSolution
		{1121D532-0712-4EB4-B9CD-F4BCBDCB99CF}.Debug|Any CPU.ActiveCfg = Debug|Any CPU
		{1121D532-0712-4EB4-B9CD-F4BCBDCB99CF}.Debug|Any CPU.Build.0 = Debug|Any CPU
		{1121D532-0712-4EB4-B9CD-F4BCBDCB99CF}.Debug|x64.ActiveCfg = Debug|Any CPU
		{1121D532-0712-4EB4-B9CD-F4BCBDCB99CF}.Debug|x64.Build.0 = Debug|Any CPU
		{1121D532-0712-4EB4-B9CD-F4BCBDCB99CF}.Debug|x86.ActiveCfg = Debug|Any CPU
		{1121D532-0712-4EB4-B9CD-F4BCBDCB99CF}.Debug|x86.Build.0 = Debug|Any CPU
		{1121D532-0712-4EB4-B9CD-F4BCBDCB99CF}.Release|Any CPU.ActiveCfg = Release|Any CPU
		{1121D532-0712-4EB4-B9CD-F4BCBDCB99CF}.Release|Any CPU.Build.0 = Release|Any CPU
		{1121D532-0712-4EB4-B9CD-F4BCBDCB99CF}.Release|x64.ActiveCfg = Release|Any CPU
		{1121D532-0712-4EB4-B9CD-F4BCBDCB99CF}.Release|x64.Build.0 = Release|Any CPU
		{1121D532-0712-4EB4-B9CD-F4BCBDCB99CF}.Release|x86.ActiveCfg = Release|Any CPU
		{1121D532-0712-4EB4-B9CD-F4BCBDCB99CF}.Release|x86.Build.0 = Release|Any CPU
		{FA6E0E09-4F06-4998-9B56-31D088BBA748}.Debug|Any CPU.ActiveCfg = Debug|Any CPU
		{FA6E0E09-4F06-4998-9B56-31D088BBA748}.Debug|Any CPU.Build.0 = Debug|Any CPU
		{FA6E0E09-4F06-4998-9B56-31D088BBA748}.Debug|x64.ActiveCfg = Debug|Any CPU
		{FA6E0E09-4F06-4998-9B56-31D088BBA748}.Debug|x64.Build.0 = Debug|Any CPU
		{FA6E0E09-4F06-4998-9B56-31D088BBA748}.Debug|x86.ActiveCfg = Debug|Any CPU
		{FA6E0E09-4F06-4998-9B56-31D088BBA748}.Debug|x86.Build.0 = Debug|Any CPU
		{FA6E0E09-4F06-4998-9B56-31D088BBA748}.Release|Any CPU.ActiveCfg = Release|Any CPU
		{FA6E0E09-4F06-4998-9B56-31D088BBA748}.Release|Any CPU.Build.0 = Release|Any CPU
		{FA6E0E09-4F06-4998-9B56-31D088BBA748}.Release|x64.ActiveCfg = Release|Any CPU
		{FA6E0E09-4F06-4998-9B56-31D088BBA748}.Release|x64.Build.0 = Release|Any CPU
		{FA6E0E09-4F06-4998-9B56-31D088BBA748}.Release|x86.ActiveCfg = Release|Any CPU
		{FA6E0E09-4F06-4998-9B56-31D088BBA748}.Release|x86.Build.0 = Release|Any CPU
		{85F3E495-9C0D-4C92-BACB-2410AD8D14B2}.Debug|Any CPU.ActiveCfg = Debug|Any CPU
		{85F3E495-9C0D-4C92-BACB-2410AD8D14B2}.Debug|Any CPU.Build.0 = Debug|Any CPU
		{85F3E495-9C0D-4C92-BACB-2410AD8D14B2}.Debug|x64.ActiveCfg = Debug|Any CPU
		{85F3E495-9C0D-4C92-BACB-2410AD8D14B2}.Debug|x64.Build.0 = Debug|Any CPU
		{85F3E495-9C0D-4C92-BACB-2410AD8D14B2}.Debug|x86.ActiveCfg = Debug|Any CPU
		{85F3E495-9C0D-4C92-BACB-2410AD8D14B2}.Debug|x86.Build.0 = Debug|Any CPU
		{85F3E495-9C0D-4C92-BACB-2410AD8D14B2}.Release|Any CPU.ActiveCfg = Release|Any CPU
		{85F3E495-9C0D-4C92-BACB-2410AD8D14B2}.Release|Any CPU.Build.0 = Release|Any CPU
		{85F3E495-9C0D-4C92-BACB-2410AD8D14B2}.Release|x64.ActiveCfg = Release|Any CPU
		{85F3E495-9C0D-4C92-BACB-2410AD8D14B2}.Release|x64.Build.0 = Release|Any CPU
		{85F3E495-9C0D-4C92-BACB-2410AD8D14B2}.Release|x86.ActiveCfg = Release|Any CPU
		{85F3E495-9C0D-4C92-BACB-2410AD8D14B2}.Release|x86.Build.0 = Release|Any CPU
		{1B121DD7-D03F-4448-806F-E2F19DF911B1}.Debug|Any CPU.ActiveCfg = Debug|Any CPU
		{1B121DD7-D03F-4448-806F-E2F19DF911B1}.Debug|Any CPU.Build.0 = Debug|Any CPU
		{1B121DD7-D03F-4448-806F-E2F19DF911B1}.Debug|x64.ActiveCfg = Debug|Any CPU
		{1B121DD7-D03F-4448-806F-E2F19DF911B1}.Debug|x64.Build.0 = Debug|Any CPU
		{1B121DD7-D03F-4448-806F-E2F19DF911B1}.Debug|x86.ActiveCfg = Debug|Any CPU
		{1B121DD7-D03F-4448-806F-E2F19DF911B1}.Debug|x86.Build.0 = Debug|Any CPU
		{1B121DD7-D03F-4448-806F-E2F19DF911B1}.Release|Any CPU.ActiveCfg = Release|Any CPU
		{1B121DD7-D03F-4448-806F-E2F19DF911B1}.Release|Any CPU.Build.0 = Release|Any CPU
		{1B121DD7-D03F-4448-806F-E2F19DF911B1}.Release|x64.ActiveCfg = Release|Any CPU
		{1B121DD7-D03F-4448-806F-E2F19DF911B1}.Release|x64.Build.0 = Release|Any CPU
		{1B121DD7-D03F-4448-806F-E2F19DF911B1}.Release|x86.ActiveCfg = Release|Any CPU
		{1B121DD7-D03F-4448-806F-E2F19DF911B1}.Release|x86.Build.0 = Release|Any CPU
	EndGlobalSection
	GlobalSection(SolutionProperties) = preSolution
		HideSolutionNode = FALSE
	EndGlobalSection
	GlobalSection(ExtensibilityGlobals) = postSolution
		SolutionGuid = {4B2FAEF8-F153-4242-97C6-3C430F7B36D2}
	EndGlobalSection
EndGlobal
